
Microsoft Visual Studio Solution File, Format Version 12.00
# Visual Studio 15
VisualStudioVersion = 15.0.28307.168
MinimumVisualStudioVersion = 10.0.40219.1
Project("{FAE04EC0-301F-11D3-BF4B-00C04F79EFBC}") = "TaskMan.Android", "TaskMan\TaskMan.Android\TaskMan.Android.csproj", "{C2D9E1B6-A749-46EB-BEFA-8C0979C145E8}"
EndProject
Project("{FAE04EC0-301F-11D3-BF4B-00C04F79EFBC}") = "TaskMan.iOS", "TaskMan\TaskMan.iOS\TaskMan.iOS.csproj", "{BF104CF6-3738-4DAE-8031-C9D328751B1B}"
EndProject
Project("{FAE04EC0-301F-11D3-BF4B-00C04F79EFBC}") = "TaskMan.UWP", "TaskMan\TaskMan.UWP\TaskMan.UWP.csproj", "{15D3EEAA-0216-4C36-B00C-72E817C95245}"
EndProject
Project("{FAE04EC0-301F-11D3-BF4B-00C04F79EFBC}") = "TaskMan", "TaskMan\TaskMan\TaskMan.csproj", "{2C2B799E-74B5-46B8-8D2F-E2DD192CC2A1}"
EndProject
Global
	GlobalSection(SolutionConfigurationPlatforms) = preSolution
		Ad-Hoc|Any CPU = Ad-Hoc|Any CPU
		Ad-Hoc|ARM = Ad-Hoc|ARM
		Ad-Hoc|iPhone = Ad-Hoc|iPhone
		Ad-Hoc|iPhoneSimulator = Ad-Hoc|iPhoneSimulator
		Ad-Hoc|x64 = Ad-Hoc|x64
		Ad-Hoc|x86 = Ad-Hoc|x86
		AppStore|Any CPU = AppStore|Any CPU
		AppStore|ARM = AppStore|ARM
		AppStore|iPhone = AppStore|iPhone
		AppStore|iPhoneSimulator = AppStore|iPhoneSimulator
		AppStore|x64 = AppStore|x64
		AppStore|x86 = AppStore|x86
		Debug|Any CPU = Debug|Any CPU
		Debug|ARM = Debug|ARM
		Debug|iPhone = Debug|iPhone
		Debug|iPhoneSimulator = Debug|iPhoneSimulator
		Debug|x64 = Debug|x64
		Debug|x86 = Debug|x86
		Release|Any CPU = Release|Any CPU
		Release|ARM = Release|ARM
		Release|iPhone = Release|iPhone
		Release|iPhoneSimulator = Release|iPhoneSimulator
		Release|x64 = Release|x64
		Release|x86 = Release|x86
	EndGlobalSection
	GlobalSection(ProjectConfigurationPlatforms) = postSolution
		{C2D9E1B6-A749-46EB-BEFA-8C0979C145E8}.Ad-Hoc|Any CPU.ActiveCfg = Release|Any CPU
		{C2D9E1B6-A749-46EB-BEFA-8C0979C145E8}.Ad-Hoc|Any CPU.Build.0 = Release|Any CPU
		{C2D9E1B6-A749-46EB-BEFA-8C0979C145E8}.Ad-Hoc|Any CPU.Deploy.0 = Release|Any CPU
		{C2D9E1B6-A749-46EB-BEFA-8C0979C145E8}.Ad-Hoc|ARM.ActiveCfg = Release|Any CPU
		{C2D9E1B6-A749-46EB-BEFA-8C0979C145E8}.Ad-Hoc|ARM.Build.0 = Release|Any CPU
		{C2D9E1B6-A749-46EB-BEFA-8C0979C145E8}.Ad-Hoc|ARM.Deploy.0 = Release|Any CPU
		{C2D9E1B6-A749-46EB-BEFA-8C0979C145E8}.Ad-Hoc|iPhone.ActiveCfg = Release|Any CPU
		{C2D9E1B6-A749-46EB-BEFA-8C0979C145E8}.Ad-Hoc|iPhone.Build.0 = Release|Any CPU
		{C2D9E1B6-A749-46EB-BEFA-8C0979C145E8}.Ad-Hoc|iPhone.Deploy.0 = Release|Any CPU
		{C2D9E1B6-A749-46EB-BEFA-8C0979C145E8}.Ad-Hoc|iPhoneSimulator.ActiveCfg = Release|Any CPU
		{C2D9E1B6-A749-46EB-BEFA-8C0979C145E8}.Ad-Hoc|iPhoneSimulator.Build.0 = Release|Any CPU
		{C2D9E1B6-A749-46EB-BEFA-8C0979C145E8}.Ad-Hoc|iPhoneSimulator.Deploy.0 = Release|Any CPU
		{C2D9E1B6-A749-46EB-BEFA-8C0979C145E8}.Ad-Hoc|x64.ActiveCfg = Release|Any CPU
		{C2D9E1B6-A749-46EB-BEFA-8C0979C145E8}.Ad-Hoc|x64.Build.0 = Release|Any CPU
		{C2D9E1B6-A749-46EB-BEFA-8C0979C145E8}.Ad-Hoc|x64.Deploy.0 = Release|Any CPU
		{C2D9E1B6-A749-46EB-BEFA-8C0979C145E8}.Ad-Hoc|x86.ActiveCfg = Release|Any CPU
		{C2D9E1B6-A749-46EB-BEFA-8C0979C145E8}.Ad-Hoc|x86.Build.0 = Release|Any CPU
		{C2D9E1B6-A749-46EB-BEFA-8C0979C145E8}.Ad-Hoc|x86.Deploy.0 = Release|Any CPU
		{C2D9E1B6-A749-46EB-BEFA-8C0979C145E8}.AppStore|Any CPU.ActiveCfg = Release|Any CPU
		{C2D9E1B6-A749-46EB-BEFA-8C0979C145E8}.AppStore|Any CPU.Build.0 = Release|Any CPU
		{C2D9E1B6-A749-46EB-BEFA-8C0979C145E8}.AppStore|Any CPU.Deploy.0 = Release|Any CPU
		{C2D9E1B6-A749-46EB-BEFA-8C0979C145E8}.AppStore|ARM.ActiveCfg = Release|Any CPU
		{C2D9E1B6-A749-46EB-BEFA-8C0979C145E8}.AppStore|ARM.Build.0 = Release|Any CPU
		{C2D9E1B6-A749-46EB-BEFA-8C0979C145E8}.AppStore|ARM.Deploy.0 = Release|Any CPU
		{C2D9E1B6-A749-46EB-BEFA-8C0979C145E8}.AppStore|iPhone.ActiveCfg = Release|Any CPU
		{C2D9E1B6-A749-46EB-BEFA-8C0979C145E8}.AppStore|iPhone.Build.0 = Release|Any CPU
		{C2D9E1B6-A749-46EB-BEFA-8C0979C145E8}.AppStore|iPhone.Deploy.0 = Release|Any CPU
		{C2D9E1B6-A749-46EB-BEFA-8C0979C145E8}.AppStore|iPhoneSimulator.ActiveCfg = Release|Any CPU
		{C2D9E1B6-A749-46EB-BEFA-8C0979C145E8}.AppStore|iPhoneSimulator.Build.0 = Release|Any CPU
		{C2D9E1B6-A749-46EB-BEFA-8C0979C145E8}.AppStore|iPhoneSimulator.Deploy.0 = Release|Any CPU
		{C2D9E1B6-A749-46EB-BEFA-8C0979C145E8}.AppStore|x64.ActiveCfg = Release|Any CPU
		{C2D9E1B6-A749-46EB-BEFA-8C0979C145E8}.AppStore|x64.Build.0 = Release|Any CPU
		{C2D9E1B6-A749-46EB-BEFA-8C0979C145E8}.AppStore|x64.Deploy.0 = Release|Any CPU
		{C2D9E1B6-A749-46EB-BEFA-8C0979C145E8}.AppStore|x86.ActiveCfg = Release|Any CPU
		{C2D9E1B6-A749-46EB-BEFA-8C0979C145E8}.AppStore|x86.Build.0 = Release|Any CPU
		{C2D9E1B6-A749-46EB-BEFA-8C0979C145E8}.AppStore|x86.Deploy.0 = Release|Any CPU
		{C2D9E1B6-A749-46EB-BEFA-8C0979C145E8}.Debug|Any CPU.ActiveCfg = Debug|Any CPU
		{C2D9E1B6-A749-46EB-BEFA-8C0979C145E8}.Debug|Any CPU.Build.0 = Debug|Any CPU
		{C2D9E1B6-A749-46EB-BEFA-8C0979C145E8}.Debug|Any CPU.Deploy.0 = Debug|Any CPU
		{C2D9E1B6-A749-46EB-BEFA-8C0979C145E8}.Debug|ARM.ActiveCfg = Debug|Any CPU
		{C2D9E1B6-A749-46EB-BEFA-8C0979C145E8}.Debug|ARM.Build.0 = Debug|Any CPU
		{C2D9E1B6-A749-46EB-BEFA-8C0979C145E8}.Debug|ARM.Deploy.0 = Debug|Any CPU
		{C2D9E1B6-A749-46EB-BEFA-8C0979C145E8}.Debug|iPhone.ActiveCfg = Debug|Any CPU
		{C2D9E1B6-A749-46EB-BEFA-8C0979C145E8}.Debug|iPhone.Build.0 = Debug|Any CPU
		{C2D9E1B6-A749-46EB-BEFA-8C0979C145E8}.Debug|iPhone.Deploy.0 = Debug|Any CPU
		{C2D9E1B6-A749-46EB-BEFA-8C0979C145E8}.Debug|iPhoneSimulator.ActiveCfg = Debug|Any CPU
		{C2D9E1B6-A749-46EB-BEFA-8C0979C145E8}.Debug|iPhoneSimulator.Build.0 = Debug|Any CPU
		{C2D9E1B6-A749-46EB-BEFA-8C0979C145E8}.Debug|iPhoneSimulator.Deploy.0 = Debug|Any CPU
		{C2D9E1B6-A749-46EB-BEFA-8C0979C145E8}.Debug|x64.ActiveCfg = Debug|Any CPU
		{C2D9E1B6-A749-46EB-BEFA-8C0979C145E8}.Debug|x64.Build.0 = Debug|Any CPU
		{C2D9E1B6-A749-46EB-BEFA-8C0979C145E8}.Debug|x64.Deploy.0 = Debug|Any CPU
		{C2D9E1B6-A749-46EB-BEFA-8C0979C145E8}.Debug|x86.ActiveCfg = Debug|Any CPU
		{C2D9E1B6-A749-46EB-BEFA-8C0979C145E8}.Debug|x86.Build.0 = Debug|Any CPU
		{C2D9E1B6-A749-46EB-BEFA-8C0979C145E8}.Debug|x86.Deploy.0 = Debug|Any CPU
		{C2D9E1B6-A749-46EB-BEFA-8C0979C145E8}.Release|Any CPU.ActiveCfg = Release|Any CPU
		{C2D9E1B6-A749-46EB-BEFA-8C0979C145E8}.Release|Any CPU.Build.0 = Release|Any CPU
		{C2D9E1B6-A749-46EB-BEFA-8C0979C145E8}.Release|Any CPU.Deploy.0 = Release|Any CPU
		{C2D9E1B6-A749-46EB-BEFA-8C0979C145E8}.Release|ARM.ActiveCfg = Release|Any CPU
		{C2D9E1B6-A749-46EB-BEFA-8C0979C145E8}.Release|ARM.Build.0 = Release|Any CPU
		{C2D9E1B6-A749-46EB-BEFA-8C0979C145E8}.Release|ARM.Deploy.0 = Release|Any CPU
		{C2D9E1B6-A749-46EB-BEFA-8C0979C145E8}.Release|iPhone.ActiveCfg = Release|Any CPU
		{C2D9E1B6-A749-46EB-BEFA-8C0979C145E8}.Release|iPhone.Build.0 = Release|Any CPU
		{C2D9E1B6-A749-46EB-BEFA-8C0979C145E8}.Release|iPhone.Deploy.0 = Release|Any CPU
		{C2D9E1B6-A749-46EB-BEFA-8C0979C145E8}.Release|iPhoneSimulator.ActiveCfg = Release|Any CPU
		{C2D9E1B6-A749-46EB-BEFA-8C0979C145E8}.Release|iPhoneSimulator.Build.0 = Release|Any CPU
		{C2D9E1B6-A749-46EB-BEFA-8C0979C145E8}.Release|iPhoneSimulator.Deploy.0 = Release|Any CPU
		{C2D9E1B6-A749-46EB-BEFA-8C0979C145E8}.Release|x64.ActiveCfg = Release|Any CPU
		{C2D9E1B6-A749-46EB-BEFA-8C0979C145E8}.Release|x64.Build.0 = Release|Any CPU
		{C2D9E1B6-A749-46EB-BEFA-8C0979C145E8}.Release|x64.Deploy.0 = Release|Any CPU
		{C2D9E1B6-A749-46EB-BEFA-8C0979C145E8}.Release|x86.ActiveCfg = Release|Any CPU
		{C2D9E1B6-A749-46EB-BEFA-8C0979C145E8}.Release|x86.Build.0 = Release|Any CPU
		{C2D9E1B6-A749-46EB-BEFA-8C0979C145E8}.Release|x86.Deploy.0 = Release|Any CPU
		{BF104CF6-3738-4DAE-8031-C9D328751B1B}.Ad-Hoc|Any CPU.ActiveCfg = Ad-Hoc|iPhone
		{BF104CF6-3738-4DAE-8031-C9D328751B1B}.Ad-Hoc|Any CPU.Build.0 = Ad-Hoc|iPhone
		{BF104CF6-3738-4DAE-8031-C9D328751B1B}.Ad-Hoc|Any CPU.Deploy.0 = Ad-Hoc|iPhone
		{BF104CF6-3738-4DAE-8031-C9D328751B1B}.Ad-Hoc|ARM.ActiveCfg = Ad-Hoc|iPhone
		{BF104CF6-3738-4DAE-8031-C9D328751B1B}.Ad-Hoc|ARM.Build.0 = Ad-Hoc|iPhone
		{BF104CF6-3738-4DAE-8031-C9D328751B1B}.Ad-Hoc|ARM.Deploy.0 = Ad-Hoc|iPhone
		{BF104CF6-3738-4DAE-8031-C9D328751B1B}.Ad-Hoc|iPhone.ActiveCfg = Ad-Hoc|iPhone
		{BF104CF6-3738-4DAE-8031-C9D328751B1B}.Ad-Hoc|iPhone.Build.0 = Ad-Hoc|iPhone
		{BF104CF6-3738-4DAE-8031-C9D328751B1B}.Ad-Hoc|iPhone.Deploy.0 = Ad-Hoc|iPhone
		{BF104CF6-3738-4DAE-8031-C9D328751B1B}.Ad-Hoc|iPhoneSimulator.ActiveCfg = Ad-Hoc|iPhoneSimulator
		{BF104CF6-3738-4DAE-8031-C9D328751B1B}.Ad-Hoc|iPhoneSimulator.Build.0 = Ad-Hoc|iPhoneSimulator
		{BF104CF6-3738-4DAE-8031-C9D328751B1B}.Ad-Hoc|iPhoneSimulator.Deploy.0 = Ad-Hoc|iPhoneSimulator
		{BF104CF6-3738-4DAE-8031-C9D328751B1B}.Ad-Hoc|x64.ActiveCfg = Ad-Hoc|iPhone
		{BF104CF6-3738-4DAE-8031-C9D328751B1B}.Ad-Hoc|x64.Build.0 = Ad-Hoc|iPhone
		{BF104CF6-3738-4DAE-8031-C9D328751B1B}.Ad-Hoc|x64.Deploy.0 = Ad-Hoc|iPhone
		{BF104CF6-3738-4DAE-8031-C9D328751B1B}.Ad-Hoc|x86.ActiveCfg = Ad-Hoc|iPhone
		{BF104CF6-3738-4DAE-8031-C9D328751B1B}.Ad-Hoc|x86.Build.0 = Ad-Hoc|iPhone
		{BF104CF6-3738-4DAE-8031-C9D328751B1B}.Ad-Hoc|x86.Deploy.0 = Ad-Hoc|iPhone
		{BF104CF6-3738-4DAE-8031-C9D328751B1B}.AppStore|Any CPU.ActiveCfg = AppStore|iPhone
		{BF104CF6-3738-4DAE-8031-C9D328751B1B}.AppStore|Any CPU.Build.0 = AppStore|iPhone
		{BF104CF6-3738-4DAE-8031-C9D328751B1B}.AppStore|Any CPU.Deploy.0 = AppStore|iPhone
		{BF104CF6-3738-4DAE-8031-C9D328751B1B}.AppStore|ARM.ActiveCfg = AppStore|iPhone
		{BF104CF6-3738-4DAE-8031-C9D328751B1B}.AppStore|ARM.Build.0 = AppStore|iPhone
		{BF104CF6-3738-4DAE-8031-C9D328751B1B}.AppStore|ARM.Deploy.0 = AppStore|iPhone
		{BF104CF6-3738-4DAE-8031-C9D328751B1B}.AppStore|iPhone.ActiveCfg = AppStore|iPhone
		{BF104CF6-3738-4DAE-8031-C9D328751B1B}.AppStore|iPhone.Build.0 = AppStore|iPhone
		{BF104CF6-3738-4DAE-8031-C9D328751B1B}.AppStore|iPhone.Deploy.0 = AppStore|iPhone
		{BF104CF6-3738-4DAE-8031-C9D328751B1B}.AppStore|iPhoneSimulator.ActiveCfg = AppStore|iPhoneSimulator
		{BF104CF6-3738-4DAE-8031-C9D328751B1B}.AppStore|iPhoneSimulator.Build.0 = AppStore|iPhoneSimulator
		{BF104CF6-3738-4DAE-8031-C9D328751B1B}.AppStore|iPhoneSimulator.Deploy.0 = AppStore|iPhoneSimulator
		{BF104CF6-3738-4DAE-8031-C9D328751B1B}.AppStore|x64.ActiveCfg = AppStore|iPhone
		{BF104CF6-3738-4DAE-8031-C9D328751B1B}.AppStore|x64.Build.0 = AppStore|iPhone
		{BF104CF6-3738-4DAE-8031-C9D328751B1B}.AppStore|x64.Deploy.0 = AppStore|iPhone
		{BF104CF6-3738-4DAE-8031-C9D328751B1B}.AppStore|x86.ActiveCfg = AppStore|iPhone
		{BF104CF6-3738-4DAE-8031-C9D328751B1B}.AppStore|x86.Build.0 = AppStore|iPhone
		{BF104CF6-3738-4DAE-8031-C9D328751B1B}.AppStore|x86.Deploy.0 = AppStore|iPhone
		{BF104CF6-3738-4DAE-8031-C9D328751B1B}.Debug|Any CPU.ActiveCfg = Debug|iPhoneSimulator
		{BF104CF6-3738-4DAE-8031-C9D328751B1B}.Debug|Any CPU.Build.0 = Debug|iPhoneSimulator
		{BF104CF6-3738-4DAE-8031-C9D328751B1B}.Debug|Any CPU.Deploy.0 = Debug|iPhoneSimulator
		{BF104CF6-3738-4DAE-8031-C9D328751B1B}.Debug|ARM.ActiveCfg = Debug|iPhone
		{BF104CF6-3738-4DAE-8031-C9D328751B1B}.Debug|ARM.Build.0 = Debug|iPhone
		{BF104CF6-3738-4DAE-8031-C9D328751B1B}.Debug|ARM.Deploy.0 = Debug|iPhone
		{BF104CF6-3738-4DAE-8031-C9D328751B1B}.Debug|iPhone.ActiveCfg = Debug|iPhone
		{BF104CF6-3738-4DAE-8031-C9D328751B1B}.Debug|iPhone.Build.0 = Debug|iPhone
		{BF104CF6-3738-4DAE-8031-C9D328751B1B}.Debug|iPhone.Deploy.0 = Debug|iPhone
		{BF104CF6-3738-4DAE-8031-C9D328751B1B}.Debug|iPhoneSimulator.ActiveCfg = Debug|iPhoneSimulator
		{BF104CF6-3738-4DAE-8031-C9D328751B1B}.Debug|iPhoneSimulator.Build.0 = Debug|iPhoneSimulator
		{BF104CF6-3738-4DAE-8031-C9D328751B1B}.Debug|iPhoneSimulator.Deploy.0 = Debug|iPhoneSimulator
		{BF104CF6-3738-4DAE-8031-C9D328751B1B}.Debug|x64.ActiveCfg = Debug|iPhone
		{BF104CF6-3738-4DAE-8031-C9D328751B1B}.Debug|x64.Build.0 = Debug|iPhone
		{BF104CF6-3738-4DAE-8031-C9D328751B1B}.Debug|x64.Deploy.0 = Debug|iPhone
		{BF104CF6-3738-4DAE-8031-C9D328751B1B}.Debug|x86.ActiveCfg = Debug|iPhone
		{BF104CF6-3738-4DAE-8031-C9D328751B1B}.Debug|x86.Build.0 = Debug|iPhone
		{BF104CF6-3738-4DAE-8031-C9D328751B1B}.Debug|x86.Deploy.0 = Debug|iPhone
		{BF104CF6-3738-4DAE-8031-C9D328751B1B}.Release|Any CPU.ActiveCfg = Release|iPhone
		{BF104CF6-3738-4DAE-8031-C9D328751B1B}.Release|Any CPU.Build.0 = Release|iPhone
		{BF104CF6-3738-4DAE-8031-C9D328751B1B}.Release|Any CPU.Deploy.0 = Release|iPhone
		{BF104CF6-3738-4DAE-8031-C9D328751B1B}.Release|ARM.ActiveCfg = Release|iPhone
		{BF104CF6-3738-4DAE-8031-C9D328751B1B}.Release|ARM.Build.0 = Release|iPhone
		{BF104CF6-3738-4DAE-8031-C9D328751B1B}.Release|ARM.Deploy.0 = Release|iPhone
		{BF104CF6-3738-4DAE-8031-C9D328751B1B}.Release|iPhone.ActiveCfg = Release|iPhone
		{BF104CF6-3738-4DAE-8031-C9D328751B1B}.Release|iPhone.Build.0 = Release|iPhone
		{BF104CF6-3738-4DAE-8031-C9D328751B1B}.Release|iPhone.Deploy.0 = Release|iPhone
		{BF104CF6-3738-4DAE-8031-C9D328751B1B}.Release|iPhoneSimulator.ActiveCfg = Release|iPhoneSimulator
		{BF104CF6-3738-4DAE-8031-C9D328751B1B}.Release|iPhoneSimulator.Build.0 = Release|iPhoneSimulator
		{BF104CF6-3738-4DAE-8031-C9D328751B1B}.Release|iPhoneSimulator.Deploy.0 = Release|iPhoneSimulator
		{BF104CF6-3738-4DAE-8031-C9D328751B1B}.Release|x64.ActiveCfg = Release|iPhone
		{BF104CF6-3738-4DAE-8031-C9D328751B1B}.Release|x64.Build.0 = Release|iPhone
		{BF104CF6-3738-4DAE-8031-C9D328751B1B}.Release|x64.Deploy.0 = Release|iPhone
		{BF104CF6-3738-4DAE-8031-C9D328751B1B}.Release|x86.ActiveCfg = Release|iPhone
		{BF104CF6-3738-4DAE-8031-C9D328751B1B}.Release|x86.Build.0 = Release|iPhone
		{BF104CF6-3738-4DAE-8031-C9D328751B1B}.Release|x86.Deploy.0 = Release|iPhone
		{15D3EEAA-0216-4C36-B00C-72E817C95245}.Ad-Hoc|Any CPU.ActiveCfg = Release|x86
		{15D3EEAA-0216-4C36-B00C-72E817C95245}.Ad-Hoc|Any CPU.Build.0 = Release|x86
		{15D3EEAA-0216-4C36-B00C-72E817C95245}.Ad-Hoc|Any CPU.Deploy.0 = Release|x86
		{15D3EEAA-0216-4C36-B00C-72E817C95245}.Ad-Hoc|ARM.ActiveCfg = Release|ARM
		{15D3EEAA-0216-4C36-B00C-72E817C95245}.Ad-Hoc|ARM.Build.0 = Release|ARM
		{15D3EEAA-0216-4C36-B00C-72E817C95245}.Ad-Hoc|ARM.Deploy.0 = Release|ARM
		{15D3EEAA-0216-4C36-B00C-72E817C95245}.Ad-Hoc|iPhone.ActiveCfg = Release|x86
		{15D3EEAA-0216-4C36-B00C-72E817C95245}.Ad-Hoc|iPhone.Build.0 = Release|x86
		{15D3EEAA-0216-4C36-B00C-72E817C95245}.Ad-Hoc|iPhone.Deploy.0 = Release|x86
		{15D3EEAA-0216-4C36-B00C-72E817C95245}.Ad-Hoc|iPhoneSimulator.ActiveCfg = Release|x86
		{15D3EEAA-0216-4C36-B00C-72E817C95245}.Ad-Hoc|iPhoneSimulator.Build.0 = Release|x86
		{15D3EEAA-0216-4C36-B00C-72E817C95245}.Ad-Hoc|iPhoneSimulator.Deploy.0 = Release|x86
		{15D3EEAA-0216-4C36-B00C-72E817C95245}.Ad-Hoc|x64.ActiveCfg = Release|x64
		{15D3EEAA-0216-4C36-B00C-72E817C95245}.Ad-Hoc|x64.Build.0 = Release|x64
		{15D3EEAA-0216-4C36-B00C-72E817C95245}.Ad-Hoc|x64.Deploy.0 = Release|x64
		{15D3EEAA-0216-4C36-B00C-72E817C95245}.Ad-Hoc|x86.ActiveCfg = Release|x86
		{15D3EEAA-0216-4C36-B00C-72E817C95245}.Ad-Hoc|x86.Build.0 = Release|x86
		{15D3EEAA-0216-4C36-B00C-72E817C95245}.Ad-Hoc|x86.Deploy.0 = Release|x86
		{15D3EEAA-0216-4C36-B00C-72E817C95245}.AppStore|Any CPU.ActiveCfg = Release|x86
		{15D3EEAA-0216-4C36-B00C-72E817C95245}.AppStore|Any CPU.Build.0 = Release|x86
		{15D3EEAA-0216-4C36-B00C-72E817C95245}.AppStore|Any CPU.Deploy.0 = Release|x86
		{15D3EEAA-0216-4C36-B00C-72E817C95245}.AppStore|ARM.ActiveCfg = Release|ARM
		{15D3EEAA-0216-4C36-B00C-72E817C95245}.AppStore|ARM.Build.0 = Release|ARM
		{15D3EEAA-0216-4C36-B00C-72E817C95245}.AppStore|ARM.Deploy.0 = Release|ARM
		{15D3EEAA-0216-4C36-B00C-72E817C95245}.AppStore|iPhone.ActiveCfg = Release|x86
		{15D3EEAA-0216-4C36-B00C-72E817C95245}.AppStore|iPhone.Build.0 = Release|x86
		{15D3EEAA-0216-4C36-B00C-72E817C95245}.AppStore|iPhone.Deploy.0 = Release|x86
		{15D3EEAA-0216-4C36-B00C-72E817C95245}.AppStore|iPhoneSimulator.ActiveCfg = Release|x86
		{15D3EEAA-0216-4C36-B00C-72E817C95245}.AppStore|iPhoneSimulator.Build.0 = Release|x86
		{15D3EEAA-0216-4C36-B00C-72E817C95245}.AppStore|iPhoneSimulator.Deploy.0 = Release|x86
		{15D3EEAA-0216-4C36-B00C-72E817C95245}.AppStore|x64.ActiveCfg = Release|x64
		{15D3EEAA-0216-4C36-B00C-72E817C95245}.AppStore|x64.Build.0 = Release|x64
		{15D3EEAA-0216-4C36-B00C-72E817C95245}.AppStore|x64.Deploy.0 = Release|x64
		{15D3EEAA-0216-4C36-B00C-72E817C95245}.AppStore|x86.ActiveCfg = Release|x86
		{15D3EEAA-0216-4C36-B00C-72E817C95245}.AppStore|x86.Build.0 = Release|x86
		{15D3EEAA-0216-4C36-B00C-72E817C95245}.AppStore|x86.Deploy.0 = Release|x86
		{15D3EEAA-0216-4C36-B00C-72E817C95245}.Debug|Any CPU.ActiveCfg = Debug|x86
		{15D3EEAA-0216-4C36-B00C-72E817C95245}.Debug|Any CPU.Build.0 = Debug|x86
		{15D3EEAA-0216-4C36-B00C-72E817C95245}.Debug|Any CPU.Deploy.0 = Debug|x86
		{15D3EEAA-0216-4C36-B00C-72E817C95245}.Debug|ARM.ActiveCfg = Debug|ARM
		{15D3EEAA-0216-4C36-B00C-72E817C95245}.Debug|ARM.Build.0 = Debug|ARM
		{15D3EEAA-0216-4C36-B00C-72E817C95245}.Debug|ARM.Deploy.0 = Debug|ARM
		{15D3EEAA-0216-4C36-B00C-72E817C95245}.Debug|iPhone.ActiveCfg = Debug|x86
		{15D3EEAA-0216-4C36-B00C-72E817C95245}.Debug|iPhone.Build.0 = Debug|x86
		{15D3EEAA-0216-4C36-B00C-72E817C95245}.Debug|iPhone.Deploy.0 = Debug|x86
		{15D3EEAA-0216-4C36-B00C-72E817C95245}.Debug|iPhoneSimulator.ActiveCfg = Debug|x86
		{15D3EEAA-0216-4C36-B00C-72E817C95245}.Debug|iPhoneSimulator.Build.0 = Debug|x86
		{15D3EEAA-0216-4C36-B00C-72E817C95245}.Debug|iPhoneSimulator.Deploy.0 = Debug|x86
		{15D3EEAA-0216-4C36-B00C-72E817C95245}.Debug|x64.ActiveCfg = Debug|x64
		{15D3EEAA-0216-4C36-B00C-72E817C95245}.Debug|x64.Build.0 = Debug|x64
		{15D3EEAA-0216-4C36-B00C-72E817C95245}.Debug|x64.Deploy.0 = Debug|x64
		{15D3EEAA-0216-4C36-B00C-72E817C95245}.Debug|x86.ActiveCfg = Debug|x86
		{15D3EEAA-0216-4C36-B00C-72E817C95245}.Debug|x86.Build.0 = Debug|x86
		{15D3EEAA-0216-4C36-B00C-72E817C95245}.Debug|x86.Deploy.0 = Debug|x86
		{15D3EEAA-0216-4C36-B00C-72E817C95245}.Release|Any CPU.ActiveCfg = Release|x86
		{15D3EEAA-0216-4C36-B00C-72E817C95245}.Release|Any CPU.Build.0 = Release|x86
		{15D3EEAA-0216-4C36-B00C-72E817C95245}.Release|Any CPU.Deploy.0 = Release|x86
		{15D3EEAA-0216-4C36-B00C-72E817C95245}.Release|ARM.ActiveCfg = Release|ARM
		{15D3EEAA-0216-4C36-B00C-72E817C95245}.Release|ARM.Build.0 = Release|ARM
		{15D3EEAA-0216-4C36-B00C-72E817C95245}.Release|ARM.Deploy.0 = Release|ARM
		{15D3EEAA-0216-4C36-B00C-72E817C95245}.Release|iPhone.ActiveCfg = Release|x86
		{15D3EEAA-0216-4C36-B00C-72E817C95245}.Release|iPhone.Build.0 = Release|x86
		{15D3EEAA-0216-4C36-B00C-72E817C95245}.Release|iPhone.Deploy.0 = Release|x86
		{15D3EEAA-0216-4C36-B00C-72E817C95245}.Release|iPhoneSimulator.ActiveCfg = Release|x86
		{15D3EEAA-0216-4C36-B00C-72E817C95245}.Release|iPhoneSimulator.Build.0 = Release|x86
		{15D3EEAA-0216-4C36-B00C-72E817C95245}.Release|iPhoneSimulator.Deploy.0 = Release|x86
		{15D3EEAA-0216-4C36-B00C-72E817C95245}.Release|x64.ActiveCfg = Release|x64
		{15D3EEAA-0216-4C36-B00C-72E817C95245}.Release|x64.Build.0 = Release|x64
		{15D3EEAA-0216-4C36-B00C-72E817C95245}.Release|x64.Deploy.0 = Release|x64
		{15D3EEAA-0216-4C36-B00C-72E817C95245}.Release|x86.ActiveCfg = Release|x86
		{15D3EEAA-0216-4C36-B00C-72E817C95245}.Release|x86.Build.0 = Release|x86
		{15D3EEAA-0216-4C36-B00C-72E817C95245}.Release|x86.Deploy.0 = Release|x86
		{2C2B799E-74B5-46B8-8D2F-E2DD192CC2A1}.Ad-Hoc|Any CPU.ActiveCfg = Debug|Any CPU
		{2C2B799E-74B5-46B8-8D2F-E2DD192CC2A1}.Ad-Hoc|Any CPU.Build.0 = Debug|Any CPU
		{2C2B799E-74B5-46B8-8D2F-E2DD192CC2A1}.Ad-Hoc|Any CPU.Deploy.0 = Debug|Any CPU
		{2C2B799E-74B5-46B8-8D2F-E2DD192CC2A1}.Ad-Hoc|ARM.ActiveCfg = Debug|Any CPU
		{2C2B799E-74B5-46B8-8D2F-E2DD192CC2A1}.Ad-Hoc|ARM.Build.0 = Debug|Any CPU
		{2C2B799E-74B5-46B8-8D2F-E2DD192CC2A1}.Ad-Hoc|ARM.Deploy.0 = Debug|Any CPU
		{2C2B799E-74B5-46B8-8D2F-E2DD192CC2A1}.Ad-Hoc|iPhone.ActiveCfg = Debug|Any CPU
		{2C2B799E-74B5-46B8-8D2F-E2DD192CC2A1}.Ad-Hoc|iPhone.Build.0 = Debug|Any CPU
		{2C2B799E-74B5-46B8-8D2F-E2DD192CC2A1}.Ad-Hoc|iPhone.Deploy.0 = Debug|Any CPU
		{2C2B799E-74B5-46B8-8D2F-E2DD192CC2A1}.Ad-Hoc|iPhoneSimulator.ActiveCfg = Debug|Any CPU
		{2C2B799E-74B5-46B8-8D2F-E2DD192CC2A1}.Ad-Hoc|iPhoneSimulator.Build.0 = Debug|Any CPU
		{2C2B799E-74B5-46B8-8D2F-E2DD192CC2A1}.Ad-Hoc|iPhoneSimulator.Deploy.0 = Debug|Any CPU
		{2C2B799E-74B5-46B8-8D2F-E2DD192CC2A1}.Ad-Hoc|x64.ActiveCfg = Debug|Any CPU
		{2C2B799E-74B5-46B8-8D2F-E2DD192CC2A1}.Ad-Hoc|x64.Build.0 = Debug|Any CPU
		{2C2B799E-74B5-46B8-8D2F-E2DD192CC2A1}.Ad-Hoc|x64.Deploy.0 = Debug|Any CPU
		{2C2B799E-74B5-46B8-8D2F-E2DD192CC2A1}.Ad-Hoc|x86.ActiveCfg = Debug|Any CPU
		{2C2B799E-74B5-46B8-8D2F-E2DD192CC2A1}.Ad-Hoc|x86.Build.0 = Debug|Any CPU
		{2C2B799E-74B5-46B8-8D2F-E2DD192CC2A1}.Ad-Hoc|x86.Deploy.0 = Debug|Any CPU
		{2C2B799E-74B5-46B8-8D2F-E2DD192CC2A1}.AppStore|Any CPU.ActiveCfg = Debug|Any CPU
		{2C2B799E-74B5-46B8-8D2F-E2DD192CC2A1}.AppStore|Any CPU.Build.0 = Debug|Any CPU
		{2C2B799E-74B5-46B8-8D2F-E2DD192CC2A1}.AppStore|Any CPU.Deploy.0 = Debug|Any CPU
		{2C2B799E-74B5-46B8-8D2F-E2DD192CC2A1}.AppStore|ARM.ActiveCfg = Debug|Any CPU
		{2C2B799E-74B5-46B8-8D2F-E2DD192CC2A1}.AppStore|ARM.Build.0 = Debug|Any CPU
		{2C2B799E-74B5-46B8-8D2F-E2DD192CC2A1}.AppStore|ARM.Deploy.0 = Debug|Any CPU
		{2C2B799E-74B5-46B8-8D2F-E2DD192CC2A1}.AppStore|iPhone.ActiveCfg = Debug|Any CPU
		{2C2B799E-74B5-46B8-8D2F-E2DD192CC2A1}.AppStore|iPhone.Build.0 = Debug|Any CPU
		{2C2B799E-74B5-46B8-8D2F-E2DD192CC2A1}.AppStore|iPhone.Deploy.0 = Debug|Any CPU
		{2C2B799E-74B5-46B8-8D2F-E2DD192CC2A1}.AppStore|iPhoneSimulator.ActiveCfg = Debug|Any CPU
		{2C2B799E-74B5-46B8-8D2F-E2DD192CC2A1}.AppStore|iPhoneSimulator.Build.0 = Debug|Any CPU
		{2C2B799E-74B5-46B8-8D2F-E2DD192CC2A1}.AppStore|iPhoneSimulator.Deploy.0 = Debug|Any CPU
		{2C2B799E-74B5-46B8-8D2F-E2DD192CC2A1}.AppStore|x64.ActiveCfg = Debug|Any CPU
		{2C2B799E-74B5-46B8-8D2F-E2DD192CC2A1}.AppStore|x64.Build.0 = Debug|Any CPU
		{2C2B799E-74B5-46B8-8D2F-E2DD192CC2A1}.AppStore|x64.Deploy.0 = Debug|Any CPU
		{2C2B799E-74B5-46B8-8D2F-E2DD192CC2A1}.AppStore|x86.ActiveCfg = Debug|Any CPU
		{2C2B799E-74B5-46B8-8D2F-E2DD192CC2A1}.AppStore|x86.Build.0 = Debug|Any CPU
		{2C2B799E-74B5-46B8-8D2F-E2DD192CC2A1}.AppStore|x86.Deploy.0 = Debug|Any CPU
		{2C2B799E-74B5-46B8-8D2F-E2DD192CC2A1}.Debug|Any CPU.ActiveCfg = Debug|Any CPU
		{2C2B799E-74B5-46B8-8D2F-E2DD192CC2A1}.Debug|Any CPU.Build.0 = Debug|Any CPU
		{2C2B799E-74B5-46B8-8D2F-E2DD192CC2A1}.Debug|Any CPU.Deploy.0 = Debug|Any CPU
		{2C2B799E-74B5-46B8-8D2F-E2DD192CC2A1}.Debug|ARM.ActiveCfg = Debug|Any CPU
		{2C2B799E-74B5-46B8-8D2F-E2DD192CC2A1}.Debug|ARM.Build.0 = Debug|Any CPU
		{2C2B799E-74B5-46B8-8D2F-E2DD192CC2A1}.Debug|ARM.Deploy.0 = Debug|Any CPU
		{2C2B799E-74B5-46B8-8D2F-E2DD192CC2A1}.Debug|iPhone.ActiveCfg = Debug|Any CPU
		{2C2B799E-74B5-46B8-8D2F-E2DD192CC2A1}.Debug|iPhone.Build.0 = Debug|Any CPU
		{2C2B799E-74B5-46B8-8D2F-E2DD192CC2A1}.Debug|iPhone.Deploy.0 = Debug|Any CPU
		{2C2B799E-74B5-46B8-8D2F-E2DD192CC2A1}.Debug|iPhoneSimulator.ActiveCfg = Debug|Any CPU
		{2C2B799E-74B5-46B8-8D2F-E2DD192CC2A1}.Debug|iPhoneSimulator.Build.0 = Debug|Any CPU
		{2C2B799E-74B5-46B8-8D2F-E2DD192CC2A1}.Debug|iPhoneSimulator.Deploy.0 = Debug|Any CPU
		{2C2B799E-74B5-46B8-8D2F-E2DD192CC2A1}.Debug|x64.ActiveCfg = Debug|Any CPU
		{2C2B799E-74B5-46B8-8D2F-E2DD192CC2A1}.Debug|x64.Build.0 = Debug|Any CPU
		{2C2B799E-74B5-46B8-8D2F-E2DD192CC2A1}.Debug|x64.Deploy.0 = Debug|Any CPU
		{2C2B799E-74B5-46B8-8D2F-E2DD192CC2A1}.Debug|x86.ActiveCfg = Debug|Any CPU
		{2C2B799E-74B5-46B8-8D2F-E2DD192CC2A1}.Debug|x86.Build.0 = Debug|Any CPU
		{2C2B799E-74B5-46B8-8D2F-E2DD192CC2A1}.Debug|x86.Deploy.0 = Debug|Any CPU
		{2C2B799E-74B5-46B8-8D2F-E2DD192CC2A1}.Release|Any CPU.ActiveCfg = Release|Any CPU
		{2C2B799E-74B5-46B8-8D2F-E2DD192CC2A1}.Release|Any CPU.Build.0 = Release|Any CPU
		{2C2B799E-74B5-46B8-8D2F-E2DD192CC2A1}.Release|Any CPU.Deploy.0 = Release|Any CPU
		{2C2B799E-74B5-46B8-8D2F-E2DD192CC2A1}.Release|ARM.ActiveCfg = Release|Any CPU
		{2C2B799E-74B5-46B8-8D2F-E2DD192CC2A1}.Release|ARM.Build.0 = Release|Any CPU
		{2C2B799E-74B5-46B8-8D2F-E2DD192CC2A1}.Release|ARM.Deploy.0 = Release|Any CPU
		{2C2B799E-74B5-46B8-8D2F-E2DD192CC2A1}.Release|iPhone.ActiveCfg = Release|Any CPU
		{2C2B799E-74B5-46B8-8D2F-E2DD192CC2A1}.Release|iPhone.Build.0 = Release|Any CPU
		{2C2B799E-74B5-46B8-8D2F-E2DD192CC2A1}.Release|iPhone.Deploy.0 = Release|Any CPU
		{2C2B799E-74B5-46B8-8D2F-E2DD192CC2A1}.Release|iPhoneSimulator.ActiveCfg = Release|Any CPU
		{2C2B799E-74B5-46B8-8D2F-E2DD192CC2A1}.Release|iPhoneSimulator.Build.0 = Release|Any CPU
		{2C2B799E-74B5-46B8-8D2F-E2DD192CC2A1}.Release|iPhoneSimulator.Deploy.0 = Release|Any CPU
		{2C2B799E-74B5-46B8-8D2F-E2DD192CC2A1}.Release|x64.ActiveCfg = Release|Any CPU
		{2C2B799E-74B5-46B8-8D2F-E2DD192CC2A1}.Release|x64.Build.0 = Release|Any CPU
		{2C2B799E-74B5-46B8-8D2F-E2DD192CC2A1}.Release|x64.Deploy.0 = Release|Any CPU
		{2C2B799E-74B5-46B8-8D2F-E2DD192CC2A1}.Release|x86.ActiveCfg = Release|Any CPU
		{2C2B799E-74B5-46B8-8D2F-E2DD192CC2A1}.Release|x86.Build.0 = Release|Any CPU
		{2C2B799E-74B5-46B8-8D2F-E2DD192CC2A1}.Release|x86.Deploy.0 = Release|Any CPU
	EndGlobalSection
	GlobalSection(SolutionProperties) = preSolution
		HideSolutionNode = FALSE
	EndGlobalSection
	GlobalSection(ExtensibilityGlobals) = postSolution
		SolutionGuid = {BCE6DAB1-838D-47F8-8A95-08D328BB4514}
	EndGlobalSection
EndGlobal
